
Microsoft Visual Studio Solution File, Format Version 12.00
# Visual Studio 15
VisualStudioVersion = 15.0.28307.572
MinimumVisualStudioVersion = 10.0.40219.1
Project("{9A19103F-16F7-4668-BE54-9A1E7A4F7556}") = "MCGalaxy_", "MCGalaxy\MCGalaxy_.csproj", "{12597DB0-7C34-4DE1-88EA-9250FF3372EB}"
EndProject
Project("{9A19103F-16F7-4668-BE54-9A1E7A4F7556}") = "MCGalaxyCLI", "CLI\MCGalaxyCLI.csproj", "{A1A5B886-2D0A-4D2A-AE13-409560D5227C}"
EndProject
Global
	GlobalSection(SolutionConfigurationPlatforms) = preSolution
		Debug|Any CPU = Debug|Any CPU
		Release|Any CPU = Release|Any CPU
	EndGlobalSection
	GlobalSection(ProjectConfigurationPlatforms) = postSolution
		{12597DB0-7C34-4DE1-88EA-9250FF3372EB}.Debug|Any CPU.ActiveCfg = Debug|Any CPU
		{12597DB0-7C34-4DE1-88EA-9250FF3372EB}.Debug|Any CPU.Build.0 = Debug|Any CPU
		{12597DB0-7C34-4DE1-88EA-9250FF3372EB}.Release|Any CPU.ActiveCfg = Release|Any CPU
		{12597DB0-7C34-4DE1-88EA-9250FF3372EB}.Release|Any CPU.Build.0 = Release|Any CPU
		{A1A5B886-2D0A-4D2A-AE13-409560D5227C}.Debug|Any CPU.ActiveCfg = Debug|Any CPU
		{A1A5B886-2D0A-4D2A-AE13-409560D5227C}.Debug|Any CPU.Build.0 = Debug|Any CPU
		{A1A5B886-2D0A-4D2A-AE13-409560D5227C}.Release|Any CPU.ActiveCfg = Release|Any CPU
		{A1A5B886-2D0A-4D2A-AE13-409560D5227C}.Release|Any CPU.Build.0 = Release|Any CPU
	EndGlobalSection
	GlobalSection(SolutionProperties) = preSolution
		HideSolutionNode = FALSE
	EndGlobalSection
	GlobalSection(ExtensibilityGlobals) = postSolution
		SolutionGuid = {5BF406F0-8F27-4F18-981B-E60705C6716C}
	EndGlobalSection
	GlobalSection(MonoDevelopProperties) = preSolution
		StartupItem = Starter.csproj
		Policies = $0
		$0.DotNetNamingPolicy = $1
		$1.DirectoryNamespaceAssociation = None
		$1.ResourceNamePolicy = FileFormatDefault
		$0.TextStylePolicy = $4
		$2.inheritsSet = null
		$2.scope = text/x-csharp
		$0.CSharpFormattingPolicy = $3
		$3.inheritsSet = Mono
		$3.inheritsScope = text/x-csharp
		$3.scope = text/x-csharp
		$4.FileWidth = 120
		$4.TabWidth = 4
		$4.inheritsSet = Mono
		$4.inheritsScope = text/plain
		$4.scope = text/plain
	EndGlobalSection
EndGlobal
